
Microsoft Visual Studio Solution File, Format Version 12.00
# Visual Studio 15
VisualStudioVersion = 15.0.26730.16
MinimumVisualStudioVersion = 10.0.40219.1
Project("{FAE04EC0-301F-11D3-BF4B-00C04F79EFBC}") = "Prime.Base.ConfigurationContainer", "Prime.Base.ConfigurationContainer\Prime.Base.ConfigurationContainer.csproj", "{42EB4C29-DEAB-4B0C-8877-7FD2B9F4349F}"
EndProject
Project("{FAE04EC0-301F-11D3-BF4B-00C04F79EFBC}") = "ConfigurationContainerTest", "TestingConfigurationContainer\ConfigurationContainerTest.csproj", "{570AEBB2-D826-4361-9FA4-B63A21E534C2}"
EndProject
Project("{FAE04EC0-301F-11D3-BF4B-00C04F79EFBC}") = "Prime.Base.Log", "Prime.Base.Log\Prime.Base.Log.csproj", "{F41D4E58-5B73-4C6B-B39C-FA567A6D7FAF}"
EndProject
Global
	GlobalSection(SolutionConfigurationPlatforms) = preSolution
		Debug|Any CPU = Debug|Any CPU
		Release|Any CPU = Release|Any CPU
	EndGlobalSection
	GlobalSection(ProjectConfigurationPlatforms) = postSolution
		{42EB4C29-DEAB-4B0C-8877-7FD2B9F4349F}.Debug|Any CPU.ActiveCfg = Debug|Any CPU
		{42EB4C29-DEAB-4B0C-8877-7FD2B9F4349F}.Debug|Any CPU.Build.0 = Debug|Any CPU
		{42EB4C29-DEAB-4B0C-8877-7FD2B9F4349F}.Release|Any CPU.ActiveCfg = Release|Any CPU
		{42EB4C29-DEAB-4B0C-8877-7FD2B9F4349F}.Release|Any CPU.Build.0 = Release|Any CPU
		{570AEBB2-D826-4361-9FA4-B63A21E534C2}.Debug|Any CPU.ActiveCfg = Debug|Any CPU
		{570AEBB2-D826-4361-9FA4-B63A21E534C2}.Debug|Any CPU.Build.0 = Debug|Any CPU
		{570AEBB2-D826-4361-9FA4-B63A21E534C2}.Release|Any CPU.ActiveCfg = Release|Any CPU
		{570AEBB2-D826-4361-9FA4-B63A21E534C2}.Release|Any CPU.Build.0 = Release|Any CPU
		{F41D4E58-5B73-4C6B-B39C-FA567A6D7FAF}.Debug|Any CPU.ActiveCfg = Debug|Any CPU
		{F41D4E58-5B73-4C6B-B39C-FA567A6D7FAF}.Debug|Any CPU.Build.0 = Debug|Any CPU
		{F41D4E58-5B73-4C6B-B39C-FA567A6D7FAF}.Release|Any CPU.ActiveCfg = Release|Any CPU
		{F41D4E58-5B73-4C6B-B39C-FA567A6D7FAF}.Release|Any CPU.Build.0 = Release|Any CPU
	EndGlobalSection
	GlobalSection(SolutionProperties) = preSolution
		HideSolutionNode = FALSE
	EndGlobalSection
	GlobalSection(ExtensibilityGlobals) = postSolution
		SolutionGuid = {2EC33BBA-9D23-43C2-ACB0-964B6FF296E9}
	EndGlobalSection
EndGlobal
