
Microsoft Visual Studio Solution File, Format Version 12.00
# Visual Studio 15
VisualStudioVersion = 15.0.27004.2008
MinimumVisualStudioVersion = 10.0.40219.1
Project("{FAE04EC0-301F-11D3-BF4B-00C04F79EFBC}") = "Prime.Backend.Websocket", "Prime.Backend.Websocket\Prime.Backend.Websocket.csproj", "{AF412A48-06FD-4067-B1BB-4A098B4AE5E5}"
EndProject
Global
	GlobalSection(SolutionConfigurationPlatforms) = preSolution
		Debug|Any CPU = Debug|Any CPU
		Release|Any CPU = Release|Any CPU
	EndGlobalSection
	GlobalSection(ProjectConfigurationPlatforms) = postSolution
		{AF412A48-06FD-4067-B1BB-4A098B4AE5E5}.Debug|Any CPU.ActiveCfg = Debug|Any CPU
		{AF412A48-06FD-4067-B1BB-4A098B4AE5E5}.Debug|Any CPU.Build.0 = Debug|Any CPU
		{AF412A48-06FD-4067-B1BB-4A098B4AE5E5}.Release|Any CPU.ActiveCfg = Release|Any CPU
		{AF412A48-06FD-4067-B1BB-4A098B4AE5E5}.Release|Any CPU.Build.0 = Release|Any CPU
	EndGlobalSection
	GlobalSection(SolutionProperties) = preSolution
		HideSolutionNode = FALSE
	EndGlobalSection
	GlobalSection(ExtensibilityGlobals) = postSolution
		SolutionGuid = {AA6C5C0C-A247-43D8-8CEA-1A5F70E82642}
	EndGlobalSection
EndGlobal
